// !$*UTF8*$!
{
	archiveVersion = 1;
	classes = {
	};
	objectVersion = 50;
	objects = {

/* Begin PBXBuildFile section */
		071A122129A459F200029948 /* ImageTools.swift in Sources */ = {isa = PBXBuildFile; fileRef = 071A122029A459F200029948 /* ImageTools.swift */; };
		0776910E29AF6C4D00B9503B /* LEGOStepClassifier.mlmodel in Sources */ = {isa = PBXBuildFile; fileRef = 0776910D29AF6C4D00B9503B /* LEGOStepClassifier.mlmodel */; };
		07D7504829B33F3700C1D9B6 /* NodeController.swift in Sources */ = {isa = PBXBuildFile; fileRef = 07D7504729B33F3700C1D9B6 /* NodeController.swift */; };
		07D7504A29B37CDF00C1D9B6 /* StepController.swift in Sources */ = {isa = PBXBuildFile; fileRef = 07D7504929B37CDF00C1D9B6 /* StepController.swift */; };
		07D7505629B4AB1D00C1D9B6 /* LEGOAssemblyGuideTests.swift in Sources */ = {isa = PBXBuildFile; fileRef = 07D7505529B4AB1D00C1D9B6 /* LEGOAssemblyGuideTests.swift */; };
		07D7506729B4D4F000C1D9B6 /* LEGOAssemblyGuideUITests.swift in Sources */ = {isa = PBXBuildFile; fileRef = 07D7506629B4D4F000C1D9B6 /* LEGOAssemblyGuideUITests.swift */; };
		527951CE20CC07A000B9119D /* AppDelegate.swift in Sources */ = {isa = PBXBuildFile; fileRef = 527951CD20CC07A000B9119D /* AppDelegate.swift */; };
		527951D020CC07A000B9119D /* art.scnassets in Resources */ = {isa = PBXBuildFile; fileRef = 527951CF20CC07A000B9119D /* art.scnassets */; };
		527951D220CC07A000B9119D /* ViewController.swift in Sources */ = {isa = PBXBuildFile; fileRef = 527951D120CC07A000B9119D /* ViewController.swift */; };
		527951D520CC07A000B9119D /* Main.storyboard in Resources */ = {isa = PBXBuildFile; fileRef = 527951D320CC07A000B9119D /* Main.storyboard */; };
		527951D720CC07A100B9119D /* Assets.xcassets in Resources */ = {isa = PBXBuildFile; fileRef = 527951D620CC07A100B9119D /* Assets.xcassets */; };
		527951DA20CC07A100B9119D /* LaunchScreen.storyboard in Resources */ = {isa = PBXBuildFile; fileRef = 527951D820CC07A100B9119D /* LaunchScreen.storyboard */; };
/* End PBXBuildFile section */

/* Begin PBXContainerItemProxy section */
		07D7505729B4AB1D00C1D9B6 /* PBXContainerItemProxy */ = {
			isa = PBXContainerItemProxy;
			containerPortal = 527951C220CC07A000B9119D /* Project object */;
			proxyType = 1;
			remoteGlobalIDString = 527951C920CC07A000B9119D;
			remoteInfo = LEGOAssemblyGuide;
		};
		07D7506A29B4D4F000C1D9B6 /* PBXContainerItemProxy */ = {
			isa = PBXContainerItemProxy;
			containerPortal = 527951C220CC07A000B9119D /* Project object */;
			proxyType = 1;
			remoteGlobalIDString = 527951C920CC07A000B9119D;
			remoteInfo = LEGOAssemblyGuide;
		};
/* End PBXContainerItemProxy section */

/* Begin PBXFileReference section */
		071A122029A459F200029948 /* ImageTools.swift */ = {isa = PBXFileReference; lastKnownFileType = sourcecode.swift; path = ImageTools.swift; sourceTree = "<group>"; };
		0776910D29AF6C4D00B9503B /* LEGOStepClassifier.mlmodel */ = {isa = PBXFileReference; lastKnownFileType = file.mlmodel; path = LEGOStepClassifier.mlmodel; sourceTree = "<group>"; };
		07D7504729B33F3700C1D9B6 /* NodeController.swift */ = {isa = PBXFileReference; lastKnownFileType = sourcecode.swift; path = NodeController.swift; sourceTree = "<group>"; };
		07D7504929B37CDF00C1D9B6 /* StepController.swift */ = {isa = PBXFileReference; lastKnownFileType = sourcecode.swift; path = StepController.swift; sourceTree = "<group>"; };
		07D7505329B4AB1D00C1D9B6 /* LEGOAssemblyGuideTests.xctest */ = {isa = PBXFileReference; explicitFileType = wrapper.cfbundle; includeInIndex = 0; path = LEGOAssemblyGuideTests.xctest; sourceTree = BUILT_PRODUCTS_DIR; };
		07D7505529B4AB1D00C1D9B6 /* LEGOAssemblyGuideTests.swift */ = {isa = PBXFileReference; lastKnownFileType = sourcecode.swift; path = LEGOAssemblyGuideTests.swift; sourceTree = "<group>"; };
		07D7506429B4D4F000C1D9B6 /* LEGOAssemblyGuideUITests.xctest */ = {isa = PBXFileReference; explicitFileType = wrapper.cfbundle; includeInIndex = 0; path = LEGOAssemblyGuideUITests.xctest; sourceTree = BUILT_PRODUCTS_DIR; };
		07D7506629B4D4F000C1D9B6 /* LEGOAssemblyGuideUITests.swift */ = {isa = PBXFileReference; lastKnownFileType = sourcecode.swift; path = LEGOAssemblyGuideUITests.swift; sourceTree = "<group>"; };
		527951CA20CC07A000B9119D /* LEGOAssemblyGuide.app */ = {isa = PBXFileReference; explicitFileType = wrapper.application; includeInIndex = 0; path = LEGOAssemblyGuide.app; sourceTree = BUILT_PRODUCTS_DIR; };
		527951CD20CC07A000B9119D /* AppDelegate.swift */ = {isa = PBXFileReference; lastKnownFileType = sourcecode.swift; path = AppDelegate.swift; sourceTree = "<group>"; };
		527951CF20CC07A000B9119D /* art.scnassets */ = {isa = PBXFileReference; lastKnownFileType = wrapper.scnassets; path = art.scnassets; sourceTree = "<group>"; };
		527951D120CC07A000B9119D /* ViewController.swift */ = {isa = PBXFileReference; lastKnownFileType = sourcecode.swift; path = ViewController.swift; sourceTree = "<group>"; };
		527951D420CC07A000B9119D /* Base */ = {isa = PBXFileReference; lastKnownFileType = file.storyboard; name = Base; path = Base.lproj/Main.storyboard; sourceTree = "<group>"; };
		527951D620CC07A100B9119D /* Assets.xcassets */ = {isa = PBXFileReference; lastKnownFileType = folder.assetcatalog; path = Assets.xcassets; sourceTree = "<group>"; };
		527951D920CC07A100B9119D /* Base */ = {isa = PBXFileReference; lastKnownFileType = file.storyboard; name = Base; path = Base.lproj/LaunchScreen.storyboard; sourceTree = "<group>"; };
		527951DB20CC07A100B9119D /* Info.plist */ = {isa = PBXFileReference; lastKnownFileType = text.plist.xml; path = Info.plist; sourceTree = "<group>"; };
/* End PBXFileReference section */

/* Begin PBXFrameworksBuildPhase section */
		07D7505029B4AB1D00C1D9B6 /* Frameworks */ = {
			isa = PBXFrameworksBuildPhase;
			buildActionMask = 2147483647;
			files = (
			);
			runOnlyForDeploymentPostprocessing = 0;
		};
		07D7506129B4D4F000C1D9B6 /* Frameworks */ = {
			isa = PBXFrameworksBuildPhase;
			buildActionMask = 2147483647;
			files = (
			);
			runOnlyForDeploymentPostprocessing = 0;
		};
		527951C720CC07A000B9119D /* Frameworks */ = {
			isa = PBXFrameworksBuildPhase;
			buildActionMask = 2147483647;
			files = (
			);
			runOnlyForDeploymentPostprocessing = 0;
		};
/* End PBXFrameworksBuildPhase section */

/* Begin PBXGroup section */
		07D7504B29B4955A00C1D9B6 /* Sources */ = {
			isa = PBXGroup;
			children = (
				07D7504D29B49E9300C1D9B6 /* Controllers */,
				071A122029A459F200029948 /* ImageTools.swift */,
				527951CD20CC07A000B9119D /* AppDelegate.swift */,
			);
			path = Sources;
			sourceTree = "<group>";
		};
		07D7504C29B49C3300C1D9B6 /* Assets */ = {
			isa = PBXGroup;
			children = (
				527951D320CC07A000B9119D /* Main.storyboard */,
				527951D820CC07A100B9119D /* LaunchScreen.storyboard */,
				0776910D29AF6C4D00B9503B /* LEGOStepClassifier.mlmodel */,
				527951D620CC07A100B9119D /* Assets.xcassets */,
				527951CF20CC07A000B9119D /* art.scnassets */,
			);
			path = Assets;
			sourceTree = "<group>";
		};
		07D7504D29B49E9300C1D9B6 /* Controllers */ = {
			isa = PBXGroup;
			children = (
				527951D120CC07A000B9119D /* ViewController.swift */,
				07D7504729B33F3700C1D9B6 /* NodeController.swift */,
				07D7504929B37CDF00C1D9B6 /* StepController.swift */,
			);
			path = Controllers;
			sourceTree = "<group>";
		};
		07D7505429B4AB1D00C1D9B6 /* LEGOAssemblyGuideTests */ = {
			isa = PBXGroup;
			children = (
				07D7505529B4AB1D00C1D9B6 /* LEGOAssemblyGuideTests.swift */,
			);
			path = LEGOAssemblyGuideTests;
			sourceTree = "<group>";
		};
		07D7506529B4D4F000C1D9B6 /* LEGOAssemblyGuideUITests */ = {
			isa = PBXGroup;
			children = (
				07D7506629B4D4F000C1D9B6 /* LEGOAssemblyGuideUITests.swift */,
			);
			path = LEGOAssemblyGuideUITests;
			sourceTree = "<group>";
		};
		527951C120CC07A000B9119D = {
			isa = PBXGroup;
			children = (
				527951CC20CC07A000B9119D /* LEGOAssemblyGuide */,
				07D7505429B4AB1D00C1D9B6 /* LEGOAssemblyGuideTests */,
				07D7506529B4D4F000C1D9B6 /* LEGOAssemblyGuideUITests */,
				527951CB20CC07A000B9119D /* Products */,
			);
			sourceTree = "<group>";
		};
		527951CB20CC07A000B9119D /* Products */ = {
			isa = PBXGroup;
			children = (
				527951CA20CC07A000B9119D /* LEGOAssemblyGuide.app */,
				07D7505329B4AB1D00C1D9B6 /* LEGOAssemblyGuideTests.xctest */,
				07D7506429B4D4F000C1D9B6 /* LEGOAssemblyGuideUITests.xctest */,
			);
			name = Products;
			sourceTree = "<group>";
		};
		527951CC20CC07A000B9119D /* LEGOAssemblyGuide */ = {
			isa = PBXGroup;
			children = (
				07D7504C29B49C3300C1D9B6 /* Assets */,
				07D7504B29B4955A00C1D9B6 /* Sources */,
				527951DB20CC07A100B9119D /* Info.plist */,
			);
			path = LEGOAssemblyGuide;
			sourceTree = "<group>";
		};
/* End PBXGroup section */

/* Begin PBXNativeTarget section */
		07D7505229B4AB1D00C1D9B6 /* LEGOAssemblyGuideTests */ = {
			isa = PBXNativeTarget;
			buildConfigurationList = 07D7505929B4AB1D00C1D9B6 /* Build configuration list for PBXNativeTarget "LEGOAssemblyGuideTests" */;
			buildPhases = (
				07D7504F29B4AB1D00C1D9B6 /* Sources */,
				07D7505029B4AB1D00C1D9B6 /* Frameworks */,
				07D7505129B4AB1D00C1D9B6 /* Resources */,
			);
			buildRules = (
			);
			dependencies = (
				07D7505829B4AB1D00C1D9B6 /* PBXTargetDependency */,
			);
			name = LEGOAssemblyGuideTests;
			productName = LEGOAssemblyGuideTests;
			productReference = 07D7505329B4AB1D00C1D9B6 /* LEGOAssemblyGuideTests.xctest */;
			productType = "com.apple.product-type.bundle.unit-test";
		};
		07D7506329B4D4F000C1D9B6 /* LEGOAssemblyGuideUITests */ = {
			isa = PBXNativeTarget;
			buildConfigurationList = 07D7506C29B4D4F000C1D9B6 /* Build configuration list for PBXNativeTarget "LEGOAssemblyGuideUITests" */;
			buildPhases = (
				07D7506029B4D4F000C1D9B6 /* Sources */,
				07D7506129B4D4F000C1D9B6 /* Frameworks */,
				07D7506229B4D4F000C1D9B6 /* Resources */,
			);
			buildRules = (
			);
			dependencies = (
				07D7506B29B4D4F000C1D9B6 /* PBXTargetDependency */,
			);
			name = LEGOAssemblyGuideUITests;
			productName = LEGOAssemblyGuideUITests;
			productReference = 07D7506429B4D4F000C1D9B6 /* LEGOAssemblyGuideUITests.xctest */;
			productType = "com.apple.product-type.bundle.ui-testing";
		};
		527951C920CC07A000B9119D /* LEGOAssemblyGuide */ = {
			isa = PBXNativeTarget;
			buildConfigurationList = 527951DE20CC07A100B9119D /* Build configuration list for PBXNativeTarget "LEGOAssemblyGuide" */;
			buildPhases = (
				527951C620CC07A000B9119D /* Sources */,
				527951C720CC07A000B9119D /* Frameworks */,
				527951C820CC07A000B9119D /* Resources */,
			);
			buildRules = (
			);
			dependencies = (
			);
			name = LEGOAssemblyGuide;
			productName = SpaceShipMuseum;
			productReference = 527951CA20CC07A000B9119D /* LEGOAssemblyGuide.app */;
			productType = "com.apple.product-type.application";
		};
/* End PBXNativeTarget section */

/* Begin PBXProject section */
		527951C220CC07A000B9119D /* Project object */ = {
			isa = PBXProject;
			attributes = {
				LastSwiftUpdateCheck = 1420;
				LastUpgradeCheck = 1340;
				ORGANIZATIONNAME = "Tianxiang Song";
				TargetAttributes = {
					07D7505229B4AB1D00C1D9B6 = {
						CreatedOnToolsVersion = 14.2;
						TestTargetID = 527951C920CC07A000B9119D;
					};
					07D7506329B4D4F000C1D9B6 = {
						CreatedOnToolsVersion = 14.2;
						TestTargetID = 527951C920CC07A000B9119D;
					};
					527951C920CC07A000B9119D = {
						CreatedOnToolsVersion = 10.0;
						LastSwiftMigration = 1340;
					};
				};
			};
			buildConfigurationList = 527951C520CC07A000B9119D /* Build configuration list for PBXProject "LEGOAssemblyGuide" */;
			compatibilityVersion = "Xcode 9.3";
			developmentRegion = en;
			hasScannedForEncodings = 0;
			knownRegions = (
				en,
				Base,
			);
			mainGroup = 527951C120CC07A000B9119D;
			productRefGroup = 527951CB20CC07A000B9119D /* Products */;
			projectDirPath = "";
			projectRoot = "";
			targets = (
				527951C920CC07A000B9119D /* LEGOAssemblyGuide */,
				07D7505229B4AB1D00C1D9B6 /* LEGOAssemblyGuideTests */,
				07D7506329B4D4F000C1D9B6 /* LEGOAssemblyGuideUITests */,
			);
		};
/* End PBXProject section */

/* Begin PBXResourcesBuildPhase section */
		07D7505129B4AB1D00C1D9B6 /* Resources */ = {
			isa = PBXResourcesBuildPhase;
			buildActionMask = 2147483647;
			files = (
			);
			runOnlyForDeploymentPostprocessing = 0;
		};
		07D7506229B4D4F000C1D9B6 /* Resources */ = {
			isa = PBXResourcesBuildPhase;
			buildActionMask = 2147483647;
			files = (
			);
			runOnlyForDeploymentPostprocessing = 0;
		};
		527951C820CC07A000B9119D /* Resources */ = {
			isa = PBXResourcesBuildPhase;
			buildActionMask = 2147483647;
			files = (
				527951D020CC07A000B9119D /* art.scnassets in Resources */,
				527951DA20CC07A100B9119D /* LaunchScreen.storyboard in Resources */,
				527951D720CC07A100B9119D /* Assets.xcassets in Resources */,
				527951D520CC07A000B9119D /* Main.storyboard in Resources */,
			);
			runOnlyForDeploymentPostprocessing = 0;
		};
/* End PBXResourcesBuildPhase section */

/* Begin PBXSourcesBuildPhase section */
		07D7504F29B4AB1D00C1D9B6 /* Sources */ = {
			isa = PBXSourcesBuildPhase;
			buildActionMask = 2147483647;
			files = (
				07D7505629B4AB1D00C1D9B6 /* LEGOAssemblyGuideTests.swift in Sources */,
			);
			runOnlyForDeploymentPostprocessing = 0;
		};
		07D7506029B4D4F000C1D9B6 /* Sources */ = {
			isa = PBXSourcesBuildPhase;
			buildActionMask = 2147483647;
			files = (
				07D7506729B4D4F000C1D9B6 /* LEGOAssemblyGuideUITests.swift in Sources */,
			);
			runOnlyForDeploymentPostprocessing = 0;
		};
		527951C620CC07A000B9119D /* Sources */ = {
			isa = PBXSourcesBuildPhase;
			buildActionMask = 2147483647;
			files = (
				527951D220CC07A000B9119D /* ViewController.swift in Sources */,
				07D7504829B33F3700C1D9B6 /* NodeController.swift in Sources */,
				527951CE20CC07A000B9119D /* AppDelegate.swift in Sources */,
				0776910E29AF6C4D00B9503B /* LEGOStepClassifier.mlmodel in Sources */,
				071A122129A459F200029948 /* ImageTools.swift in Sources */,
				07D7504A29B37CDF00C1D9B6 /* StepController.swift in Sources */,
			);
			runOnlyForDeploymentPostprocessing = 0;
		};
/* End PBXSourcesBuildPhase section */

/* Begin PBXTargetDependency section */
		07D7505829B4AB1D00C1D9B6 /* PBXTargetDependency */ = {
			isa = PBXTargetDependency;
			target = 527951C920CC07A000B9119D /* LEGOAssemblyGuide */;
			targetProxy = 07D7505729B4AB1D00C1D9B6 /* PBXContainerItemProxy */;
		};
		07D7506B29B4D4F000C1D9B6 /* PBXTargetDependency */ = {
			isa = PBXTargetDependency;
			target = 527951C920CC07A000B9119D /* LEGOAssemblyGuide */;
			targetProxy = 07D7506A29B4D4F000C1D9B6 /* PBXContainerItemProxy */;
		};
/* End PBXTargetDependency section */

/* Begin PBXVariantGroup section */
		527951D320CC07A000B9119D /* Main.storyboard */ = {
			isa = PBXVariantGroup;
			children = (
				527951D420CC07A000B9119D /* Base */,
			);
			name = Main.storyboard;
			sourceTree = "<group>";
		};
		527951D820CC07A100B9119D /* LaunchScreen.storyboard */ = {
			isa = PBXVariantGroup;
			children = (
				527951D920CC07A100B9119D /* Base */,
			);
			name = LaunchScreen.storyboard;
			sourceTree = "<group>";
		};
/* End PBXVariantGroup section */

/* Begin XCBuildConfiguration section */
		07D7505A29B4AB1D00C1D9B6 /* Debug */ = {
			isa = XCBuildConfiguration;
			buildSettings = {
				BUNDLE_LOADER = "$(TEST_HOST)";
				CLANG_CXX_LANGUAGE_STANDARD = "gnu++20";
				CODE_SIGN_STYLE = Automatic;
				CURRENT_PROJECT_VERSION = 1;
				DEVELOPMENT_TEAM = LN4AV544VY;
				GENERATE_INFOPLIST_FILE = YES;
				IPHONEOS_DEPLOYMENT_TARGET = 16.2;
				MARKETING_VERSION = 1.0;
				MTL_FAST_MATH = YES;
				PRODUCT_BUNDLE_IDENTIFIER = com.stx666michael.LEGOAssemblyGuideTests;
				PRODUCT_NAME = "$(TARGET_NAME)";
				SWIFT_EMIT_LOC_STRINGS = NO;
				SWIFT_VERSION = 5.0;
				TARGETED_DEVICE_FAMILY = "1,2";
				TEST_HOST = "$(BUILT_PRODUCTS_DIR)/LEGOAssemblyGuide.app/$(BUNDLE_EXECUTABLE_FOLDER_PATH)/LEGOAssemblyGuide";
			};
			name = Debug;
		};
		07D7505B29B4AB1D00C1D9B6 /* Release */ = {
			isa = XCBuildConfiguration;
			buildSettings = {
				BUNDLE_LOADER = "$(TEST_HOST)";
				CLANG_CXX_LANGUAGE_STANDARD = "gnu++20";
				CODE_SIGN_STYLE = Automatic;
				CURRENT_PROJECT_VERSION = 1;
				DEVELOPMENT_TEAM = LN4AV544VY;
				GENERATE_INFOPLIST_FILE = YES;
				IPHONEOS_DEPLOYMENT_TARGET = 16.2;
				MARKETING_VERSION = 1.0;
				MTL_FAST_MATH = YES;
				PRODUCT_BUNDLE_IDENTIFIER = com.stx666michael.LEGOAssemblyGuideTests;
				PRODUCT_NAME = "$(TARGET_NAME)";
				SWIFT_EMIT_LOC_STRINGS = NO;
				SWIFT_VERSION = 5.0;
				TARGETED_DEVICE_FAMILY = "1,2";
				TEST_HOST = "$(BUILT_PRODUCTS_DIR)/LEGOAssemblyGuide.app/$(BUNDLE_EXECUTABLE_FOLDER_PATH)/LEGOAssemblyGuide";
			};
			name = Release;
		};
		07D7506D29B4D4F000C1D9B6 /* Debug */ = {
			isa = XCBuildConfiguration;
			buildSettings = {
				CLANG_CXX_LANGUAGE_STANDARD = "gnu++20";
				CODE_SIGN_STYLE = Automatic;
				CURRENT_PROJECT_VERSION = 1;
				DEVELOPMENT_TEAM = LN4AV544VY;
				GENERATE_INFOPLIST_FILE = YES;
				IPHONEOS_DEPLOYMENT_TARGET = 16.2;
				MARKETING_VERSION = 1.0;
				MTL_FAST_MATH = YES;
				PRODUCT_BUNDLE_IDENTIFIER = com.stx666michael.LEGOAssemblyGuideUITests;
				PRODUCT_NAME = "$(TARGET_NAME)";
				SWIFT_EMIT_LOC_STRINGS = NO;
				SWIFT_VERSION = 5.0;
				TARGETED_DEVICE_FAMILY = "1,2";
				TEST_TARGET_NAME = LEGOAssemblyGuide;
			};
			name = Debug;
		};
		07D7506E29B4D4F000C1D9B6 /* Release */ = {
			isa = XCBuildConfiguration;
			buildSettings = {
				CLANG_CXX_LANGUAGE_STANDARD = "gnu++20";
				CODE_SIGN_STYLE = Automatic;
				CURRENT_PROJECT_VERSION = 1;
				DEVELOPMENT_TEAM = LN4AV544VY;
				GENERATE_INFOPLIST_FILE = YES;
				IPHONEOS_DEPLOYMENT_TARGET = 16.2;
				MARKETING_VERSION = 1.0;
				MTL_FAST_MATH = YES;
				PRODUCT_BUNDLE_IDENTIFIER = com.stx666michael.LEGOAssemblyGuideUITests;
				PRODUCT_NAME = "$(TARGET_NAME)";
				SWIFT_EMIT_LOC_STRINGS = NO;
				SWIFT_VERSION = 5.0;
				TARGETED_DEVICE_FAMILY = "1,2";
				TEST_TARGET_NAME = LEGOAssemblyGuide;
			};
			name = Release;
		};
		527951DC20CC07A100B9119D /* Debug */ = {
			isa = XCBuildConfiguration;
			buildSettings = {
				ALWAYS_SEARCH_USER_PATHS = NO;
				CLANG_ANALYZER_NONNULL = YES;
				CLANG_ANALYZER_NUMBER_OBJECT_CONVERSION = YES_AGGRESSIVE;
				CLANG_CXX_LANGUAGE_STANDARD = "gnu++14";
				CLANG_CXX_LIBRARY = "libc++";
				CLANG_ENABLE_MODULES = YES;
				CLANG_ENABLE_OBJC_ARC = YES;
				CLANG_ENABLE_OBJC_WEAK = YES;
				CLANG_WARN_BLOCK_CAPTURE_AUTORELEASING = YES;
				CLANG_WARN_BOOL_CONVERSION = YES;
				CLANG_WARN_COMMA = YES;
				CLANG_WARN_CONSTANT_CONVERSION = YES;
				CLANG_WARN_DEPRECATED_OBJC_IMPLEMENTATIONS = YES;
				CLANG_WARN_DIRECT_OBJC_ISA_USAGE = YES_ERROR;
				CLANG_WARN_DOCUMENTATION_COMMENTS = YES;
				CLANG_WARN_EMPTY_BODY = YES;
				CLANG_WARN_ENUM_CONVERSION = YES;
				CLANG_WARN_INFINITE_RECURSION = YES;
				CLANG_WARN_INT_CONVERSION = YES;
				CLANG_WARN_NON_LITERAL_NULL_CONVERSION = YES;
				CLANG_WARN_OBJC_IMPLICIT_RETAIN_SELF = YES;
				CLANG_WARN_OBJC_LITERAL_CONVERSION = YES;
				CLANG_WARN_OBJC_ROOT_CLASS = YES_ERROR;
				CLANG_WARN_QUOTED_INCLUDE_IN_FRAMEWORK_HEADER = YES;
				CLANG_WARN_RANGE_LOOP_ANALYSIS = YES;
				CLANG_WARN_STRICT_PROTOTYPES = YES;
				CLANG_WARN_SUSPICIOUS_MOVE = YES;
				CLANG_WARN_UNGUARDED_AVAILABILITY = YES_AGGRESSIVE;
				CLANG_WARN_UNREACHABLE_CODE = YES;
				CLANG_WARN__DUPLICATE_METHOD_MATCH = YES;
				CODE_SIGN_IDENTITY = "iPhone Developer";
				COPY_PHASE_STRIP = NO;
				DEBUG_INFORMATION_FORMAT = dwarf;
				ENABLE_STRICT_OBJC_MSGSEND = YES;
				ENABLE_TESTABILITY = YES;
				GCC_C_LANGUAGE_STANDARD = gnu11;
				GCC_DYNAMIC_NO_PIC = NO;
				GCC_NO_COMMON_BLOCKS = YES;
				GCC_OPTIMIZATION_LEVEL = 0;
				GCC_PREPROCESSOR_DEFINITIONS = (
					"DEBUG=1",
					"$(inherited)",
				);
				GCC_WARN_64_TO_32_BIT_CONVERSION = YES;
				GCC_WARN_ABOUT_RETURN_TYPE = YES_ERROR;
				GCC_WARN_UNDECLARED_SELECTOR = YES;
				GCC_WARN_UNINITIALIZED_AUTOS = YES_AGGRESSIVE;
				GCC_WARN_UNUSED_FUNCTION = YES;
				GCC_WARN_UNUSED_VARIABLE = YES;
				IPHONEOS_DEPLOYMENT_TARGET = 12.0;
				MTL_ENABLE_DEBUG_INFO = INCLUDE_SOURCE;
				ONLY_ACTIVE_ARCH = YES;
				SDKROOT = iphoneos;
				SWIFT_ACTIVE_COMPILATION_CONDITIONS = DEBUG;
				SWIFT_OPTIMIZATION_LEVEL = "-Onone";
			};
			name = Debug;
		};
		527951DD20CC07A100B9119D /* Release */ = {
			isa = XCBuildConfiguration;
			buildSettings = {
				ALWAYS_SEARCH_USER_PATHS = NO;
				CLANG_ANALYZER_NONNULL = YES;
				CLANG_ANALYZER_NUMBER_OBJECT_CONVERSION = YES_AGGRESSIVE;
				CLANG_CXX_LANGUAGE_STANDARD = "gnu++14";
				CLANG_CXX_LIBRARY = "libc++";
				CLANG_ENABLE_MODULES = YES;
				CLANG_ENABLE_OBJC_ARC = YES;
				CLANG_ENABLE_OBJC_WEAK = YES;
				CLANG_WARN_BLOCK_CAPTURE_AUTORELEASING = YES;
				CLANG_WARN_BOOL_CONVERSION = YES;
				CLANG_WARN_COMMA = YES;
				CLANG_WARN_CONSTANT_CONVERSION = YES;
				CLANG_WARN_DEPRECATED_OBJC_IMPLEMENTATIONS = YES;
				CLANG_WARN_DIRECT_OBJC_ISA_USAGE = YES_ERROR;
				CLANG_WARN_DOCUMENTATION_COMMENTS = YES;
				CLANG_WARN_EMPTY_BODY = YES;
				CLANG_WARN_ENUM_CONVERSION = YES;
				CLANG_WARN_INFINITE_RECURSION = YES;
				CLANG_WARN_INT_CONVERSION = YES;
				CLANG_WARN_NON_LITERAL_NULL_CONVERSION = YES;
				CLANG_WARN_OBJC_IMPLICIT_RETAIN_SELF = YES;
				CLANG_WARN_OBJC_LITERAL_CONVERSION = YES;
				CLANG_WARN_OBJC_ROOT_CLASS = YES_ERROR;
				CLANG_WARN_QUOTED_INCLUDE_IN_FRAMEWORK_HEADER = YES;
				CLANG_WARN_RANGE_LOOP_ANALYSIS = YES;
				CLANG_WARN_STRICT_PROTOTYPES = YES;
				CLANG_WARN_SUSPICIOUS_MOVE = YES;
				CLANG_WARN_UNGUARDED_AVAILABILITY = YES_AGGRESSIVE;
				CLANG_WARN_UNREACHABLE_CODE = YES;
				CLANG_WARN__DUPLICATE_METHOD_MATCH = YES;
				CODE_SIGN_IDENTITY = "iPhone Developer";
				COPY_PHASE_STRIP = NO;
				DEBUG_INFORMATION_FORMAT = "dwarf-with-dsym";
				ENABLE_NS_ASSERTIONS = NO;
				ENABLE_STRICT_OBJC_MSGSEND = YES;
				GCC_C_LANGUAGE_STANDARD = gnu11;
				GCC_NO_COMMON_BLOCKS = YES;
				GCC_WARN_64_TO_32_BIT_CONVERSION = YES;
				GCC_WARN_ABOUT_RETURN_TYPE = YES_ERROR;
				GCC_WARN_UNDECLARED_SELECTOR = YES;
				GCC_WARN_UNINITIALIZED_AUTOS = YES_AGGRESSIVE;
				GCC_WARN_UNUSED_FUNCTION = YES;
				GCC_WARN_UNUSED_VARIABLE = YES;
				IPHONEOS_DEPLOYMENT_TARGET = 12.0;
				MTL_ENABLE_DEBUG_INFO = NO;
				SDKROOT = iphoneos;
				SWIFT_COMPILATION_MODE = wholemodule;
				SWIFT_OPTIMIZATION_LEVEL = "-O";
				VALIDATE_PRODUCT = YES;
			};
			name = Release;
		};
		527951DF20CC07A100B9119D /* Debug */ = {
			isa = XCBuildConfiguration;
			buildSettings = {
				ASSETCATALOG_COMPILER_APPICON_NAME = AppIcon;
				CODE_SIGN_STYLE = Automatic;
				DEVELOPMENT_TEAM = LN4AV544VY;
				INFOPLIST_FILE = "$(SRCROOT)/LEGOAssemblyGuide/Info.plist";
				LD_RUNPATH_SEARCH_PATHS = (
					"$(inherited)",
					"@executable_path/Frameworks",
				);
				PRODUCT_BUNDLE_IDENTIFIER = com.stx666michael.LEGOAssemblyGuide;
				PRODUCT_NAME = "$(TARGET_NAME)";
				SWIFT_VERSION = 5.0;
				TARGETED_DEVICE_FAMILY = "1,2";
			};
			name = Debug;
		};
		527951E020CC07A100B9119D /* Release */ = {
			isa = XCBuildConfiguration;
			buildSettings = {
				ASSETCATALOG_COMPILER_APPICON_NAME = AppIcon;
				CODE_SIGN_STYLE = Automatic;
				DEVELOPMENT_TEAM = LN4AV544VY;
				INFOPLIST_FILE = "$(SRCROOT)/LEGOAssemblyGuide/Info.plist";
				LD_RUNPATH_SEARCH_PATHS = (
					"$(inherited)",
					"@executable_path/Frameworks",
				);
				PRODUCT_BUNDLE_IDENTIFIER = com.stx666michael.LEGOAssemblyGuide;
				PRODUCT_NAME = "$(TARGET_NAME)";
				SWIFT_VERSION = 5.0;
				TARGETED_DEVICE_FAMILY = "1,2";
			};
			name = Release;
		};
/* End XCBuildConfiguration section */

/* Begin XCConfigurationList section */
		07D7505929B4AB1D00C1D9B6 /* Build configuration list for PBXNativeTarget "LEGOAssemblyGuideTests" */ = {
			isa = XCConfigurationList;
			buildConfigurations = (
				07D7505A29B4AB1D00C1D9B6 /* Debug */,
				07D7505B29B4AB1D00C1D9B6 /* Release */,
			);
			defaultConfigurationIsVisible = 0;
			defaultConfigurationName = Release;
		};
		07D7506C29B4D4F000C1D9B6 /* Build configuration list for PBXNativeTarget "LEGOAssemblyGuideUITests" */ = {
			isa = XCConfigurationList;
			buildConfigurations = (
				07D7506D29B4D4F000C1D9B6 /* Debug */,
				07D7506E29B4D4F000C1D9B6 /* Release */,
			);
			defaultConfigurationIsVisible = 0;
			defaultConfigurationName = Release;
		};
		527951C520CC07A000B9119D /* Build configuration list for PBXProject "LEGOAssemblyGuide" */ = {
			isa = XCConfigurationList;
			buildConfigurations = (
				527951DC20CC07A100B9119D /* Debug */,
				527951DD20CC07A100B9119D /* Release */,
			);
			defaultConfigurationIsVisible = 0;
			defaultConfigurationName = Release;
		};
		527951DE20CC07A100B9119D /* Build configuration list for PBXNativeTarget "LEGOAssemblyGuide" */ = {
			isa = XCConfigurationList;
			buildConfigurations = (
				527951DF20CC07A100B9119D /* Debug */,
				527951E020CC07A100B9119D /* Release */,
			);
			defaultConfigurationIsVisible = 0;
			defaultConfigurationName = Release;
		};
/* End XCConfigurationList section */
	};
	rootObject = 527951C220CC07A000B9119D /* Project object */;
}
